
Microsoft Visual Studio Solution File, Format Version 12.00
# Visual Studio Version 16
VisualStudioVersion = 16.0.30523.141
MinimumVisualStudioVersion = 10.0.40219.1
Project("{FAE04EC0-301F-11D3-BF4B-00C04F79EFBC}") = "lr1", "lr1.csproj", "{2F4DD999-A46E-4E28-B562-C15F4320534D}"
EndProject
Global
	GlobalSection(SolutionConfigurationPlatforms) = preSolution
		Debug|Any CPU = Debug|Any CPU
		Release|Any CPU = Release|Any CPU
	EndGlobalSection
	GlobalSection(ProjectConfigurationPlatforms) = postSolution
		{2F4DD999-A46E-4E28-B562-C15F4320534D}.Debug|Any CPU.ActiveCfg = Debug|Any CPU
		{2F4DD999-A46E-4E28-B562-C15F4320534D}.Debug|Any CPU.Build.0 = Debug|Any CPU
		{2F4DD999-A46E-4E28-B562-C15F4320534D}.Release|Any CPU.ActiveCfg = Release|Any CPU
		{2F4DD999-A46E-4E28-B562-C15F4320534D}.Release|Any CPU.Build.0 = Release|Any CPU
	EndGlobalSection
	GlobalSection(SolutionProperties) = preSolution
		HideSolutionNode = FALSE
	EndGlobalSection
	GlobalSection(ExtensibilityGlobals) = postSolution
		SolutionGuid = {4176D74B-2767-47C3-AC75-F5C141CB0F85}
	EndGlobalSection
EndGlobal
